
Microsoft Visual Studio Solution File, Format Version 12.00
# Visual Studio Version 16
VisualStudioVersion = 16.0.29411.108
MinimumVisualStudioVersion = 10.0.40219.1
Project("{FAE04EC0-301F-11D3-BF4B-00C04F79EFBC}") = "Fiszki", "Fiszki\Fiszki.csproj", "{43DEB467-F53A-4222-B593-0298B8C77846}"
EndProject
Global
	GlobalSection(SolutionConfigurationPlatforms) = preSolution
		Debug|Any CPU = Debug|Any CPU
		Release|Any CPU = Release|Any CPU
	EndGlobalSection
	GlobalSection(ProjectConfigurationPlatforms) = postSolution
		{43DEB467-F53A-4222-B593-0298B8C77846}.Debug|Any CPU.ActiveCfg = Debug|Any CPU
		{43DEB467-F53A-4222-B593-0298B8C77846}.Debug|Any CPU.Build.0 = Debug|Any CPU
		{43DEB467-F53A-4222-B593-0298B8C77846}.Release|Any CPU.ActiveCfg = Release|Any CPU
		{43DEB467-F53A-4222-B593-0298B8C77846}.Release|Any CPU.Build.0 = Release|Any CPU
	EndGlobalSection
	GlobalSection(SolutionProperties) = preSolution
		HideSolutionNode = FALSE
	EndGlobalSection
	GlobalSection(ExtensibilityGlobals) = postSolution
		SolutionGuid = {C78842DB-88E1-4B5F-A27D-D33723BC96B5}
	EndGlobalSection
EndGlobal
